// !$*UTF8*$!
{
	archiveVersion = 1;
	classes = {
	};
	objectVersion = 48;
	objects = {

/* Begin PBXBuildFile section */
		87C265DA1FC68F72008AB612 /* AppDelegate.swift in Sources */ = {isa = PBXBuildFile; fileRef = 87C265D91FC68F72008AB612 /* AppDelegate.swift */; };
		87C265DC1FC68F72008AB612 /* LandingViewController.swift in Sources */ = {isa = PBXBuildFile; fileRef = 87C265DB1FC68F72008AB612 /* LandingViewController.swift */; };
		87C265DF1FC68F72008AB612 /* Main.storyboard in Resources */ = {isa = PBXBuildFile; fileRef = 87C265DD1FC68F72008AB612 /* Main.storyboard */; };
		87C265E11FC68F72008AB612 /* Assets.xcassets in Resources */ = {isa = PBXBuildFile; fileRef = 87C265E01FC68F72008AB612 /* Assets.xcassets */; };
		87C265E41FC68F72008AB612 /* LaunchScreen.storyboard in Resources */ = {isa = PBXBuildFile; fileRef = 87C265E21FC68F72008AB612 /* LaunchScreen.storyboard */; };
		87C265ED1FC69538008AB612 /* UIColorExtension.swift in Sources */ = {isa = PBXBuildFile; fileRef = 87C265EC1FC69538008AB612 /* UIColorExtension.swift */; };
		87C265EF1FC6A4B3008AB612 /* AssetsEnum.swift in Sources */ = {isa = PBXBuildFile; fileRef = 87C265EE1FC6A4B3008AB612 /* AssetsEnum.swift */; };
/* End PBXBuildFile section */

/* Begin PBXFileReference section */
		87C265D61FC68F72008AB612 /* OneImageViewer.app */ = {isa = PBXFileReference; explicitFileType = wrapper.application; includeInIndex = 0; path = OneImageViewer.app; sourceTree = BUILT_PRODUCTS_DIR; };
		87C265D91FC68F72008AB612 /* AppDelegate.swift */ = {isa = PBXFileReference; lastKnownFileType = sourcecode.swift; path = AppDelegate.swift; sourceTree = "<group>"; };
		87C265DB1FC68F72008AB612 /* LandingViewController.swift */ = {isa = PBXFileReference; lastKnownFileType = sourcecode.swift; path = LandingViewController.swift; sourceTree = "<group>"; };
		87C265DE1FC68F72008AB612 /* Base */ = {isa = PBXFileReference; lastKnownFileType = file.storyboard; name = Base; path = Base.lproj/Main.storyboard; sourceTree = "<group>"; };
		87C265E01FC68F72008AB612 /* Assets.xcassets */ = {isa = PBXFileReference; lastKnownFileType = folder.assetcatalog; path = Assets.xcassets; sourceTree = "<group>"; };
		87C265E31FC68F72008AB612 /* Base */ = {isa = PBXFileReference; lastKnownFileType = file.storyboard; name = Base; path = Base.lproj/LaunchScreen.storyboard; sourceTree = "<group>"; };
		87C265E51FC68F72008AB612 /* Info.plist */ = {isa = PBXFileReference; lastKnownFileType = text.plist.xml; path = Info.plist; sourceTree = "<group>"; };
		87C265EC1FC69538008AB612 /* UIColorExtension.swift */ = {isa = PBXFileReference; lastKnownFileType = sourcecode.swift; path = UIColorExtension.swift; sourceTree = "<group>"; };
		87C265EE1FC6A4B3008AB612 /* AssetsEnum.swift */ = {isa = PBXFileReference; lastKnownFileType = sourcecode.swift; path = AssetsEnum.swift; sourceTree = "<group>"; };
/* End PBXFileReference section */

/* Begin PBXFrameworksBuildPhase section */
		87C265D31FC68F72008AB612 /* Frameworks */ = {
			isa = PBXFrameworksBuildPhase;
			buildActionMask = 2147483647;
			files = (
			);
			runOnlyForDeploymentPostprocessing = 0;
		};
/* End PBXFrameworksBuildPhase section */

/* Begin PBXGroup section */
		87C265CD1FC68F72008AB612 = {
			isa = PBXGroup;
			children = (
				87C265D81FC68F72008AB612 /* OneImageViewer */,
				87C265D71FC68F72008AB612 /* Products */,
			);
			sourceTree = "<group>";
		};
		87C265D71FC68F72008AB612 /* Products */ = {
			isa = PBXGroup;
			children = (
				87C265D61FC68F72008AB612 /* OneImageViewer.app */,
			);
			name = Products;
			sourceTree = "<group>";
		};
		87C265D81FC68F72008AB612 /* OneImageViewer */ = {
			isa = PBXGroup;
			children = (
				87C265D91FC68F72008AB612 /* AppDelegate.swift */,
				87C265DB1FC68F72008AB612 /* LandingViewController.swift */,
				87C265EE1FC6A4B3008AB612 /* AssetsEnum.swift */,
				87C265DD1FC68F72008AB612 /* Main.storyboard */,
				87C265E01FC68F72008AB612 /* Assets.xcassets */,
				87C265E21FC68F72008AB612 /* LaunchScreen.storyboard */,
				87C265E51FC68F72008AB612 /* Info.plist */,
				87C265EC1FC69538008AB612 /* UIColorExtension.swift */,
			);
			path = OneImageViewer;
			sourceTree = "<group>";
		};
/* End PBXGroup section */

/* Begin PBXNativeTarget section */
		87C265D51FC68F72008AB612 /* OneImageViewer */ = {
			isa = PBXNativeTarget;
			buildConfigurationList = 87C265E81FC68F72008AB612 /* Build configuration list for PBXNativeTarget "OneImageViewer" */;
			buildPhases = (
				87C265D21FC68F72008AB612 /* Sources */,
				87C265D31FC68F72008AB612 /* Frameworks */,
				87C265D41FC68F72008AB612 /* Resources */,
				87C265EB1FC6908E008AB612 /* ShellScript */,
			);
			buildRules = (
			);
			dependencies = (
			);
			name = OneImageViewer;
			productName = OneImageViewer;
			productReference = 87C265D61FC68F72008AB612 /* OneImageViewer.app */;
			productType = "com.apple.product-type.application";
		};
/* End PBXNativeTarget section */

/* Begin PBXProject section */
		87C265CE1FC68F72008AB612 /* Project object */ = {
			isa = PBXProject;
			attributes = {
				LastSwiftUpdateCheck = 0900;
				LastUpgradeCheck = 0900;
				ORGANIZATIONNAME = "Hsiao Ai LEE";
				TargetAttributes = {
					87C265D51FC68F72008AB612 = {
						CreatedOnToolsVersion = 9.0.1;
						ProvisioningStyle = Automatic;
					};
				};
			};
			buildConfigurationList = 87C265D11FC68F72008AB612 /* Build configuration list for PBXProject "OneImageViewer" */;
			compatibilityVersion = "Xcode 8.0";
			developmentRegion = en;
			hasScannedForEncodings = 0;
			knownRegions = (
				en,
				Base,
			);
			mainGroup = 87C265CD1FC68F72008AB612;
			productRefGroup = 87C265D71FC68F72008AB612 /* Products */;
			projectDirPath = "";
			projectRoot = "";
			targets = (
				87C265D51FC68F72008AB612 /* OneImageViewer */,
			);
		};
/* End PBXProject section */

/* Begin PBXResourcesBuildPhase section */
		87C265D41FC68F72008AB612 /* Resources */ = {
			isa = PBXResourcesBuildPhase;
			buildActionMask = 2147483647;
			files = (
				87C265E41FC68F72008AB612 /* LaunchScreen.storyboard in Resources */,
				87C265E11FC68F72008AB612 /* Assets.xcassets in Resources */,
				87C265DF1FC68F72008AB612 /* Main.storyboard in Resources */,
			);
			runOnlyForDeploymentPostprocessing = 0;
		};
/* End PBXResourcesBuildPhase section */

/* Begin PBXShellScriptBuildPhase section */
		87C265EB1FC6908E008AB612 /* ShellScript */ = {
			isa = PBXShellScriptBuildPhase;
			buildActionMask = 2147483647;
			files = (
			);
			inputPaths = (
			);
			outputPaths = (
			);
			runOnlyForDeploymentPostprocessing = 0;
			shellPath = /bin/sh;
			shellScript = "if which swiftlint >/dev/null; then\nswiftlint\nelse\necho \"warning: SwiftLint not installed, download from https://github.com/realm/SwiftLint\"\nfi";
		};
/* End PBXShellScriptBuildPhase section */

/* Begin PBXSourcesBuildPhase section */
		87C265D21FC68F72008AB612 /* Sources */ = {
			isa = PBXSourcesBuildPhase;
			buildActionMask = 2147483647;
			files = (
				87C265DC1FC68F72008AB612 /* LandingViewController.swift in Sources */,
				87C265DA1FC68F72008AB612 /* AppDelegate.swift in Sources */,
				87C265ED1FC69538008AB612 /* UIColorExtension.swift in Sources */,
				87C265EF1FC6A4B3008AB612 /* AssetsEnum.swift in Sources */,
			);
			runOnlyForDeploymentPostprocessing = 0;
		};
/* End PBXSourcesBuildPhase section */

/* Begin PBXVariantGroup section */
		87C265DD1FC68F72008AB612 /* Main.storyboard */ = {
			isa = PBXVariantGroup;
			children = (
				87C265DE1FC68F72008AB612 /* Base */,
			);
			name = Main.storyboard;
			sourceTree = "<group>";
		};
		87C265E21FC68F72008AB612 /* LaunchScreen.storyboard */ = {
			isa = PBXVariantGroup;
			children = (
				87C265E31FC68F72008AB612 /* Base */,
			);
			name = LaunchScreen.storyboard;
			sourceTree = "<group>";
		};
/* End PBXVariantGroup section */

/* Begin XCBuildConfiguration section */
		87C265E61FC68F72008AB612 /* Debug */ = {
			isa = XCBuildConfiguration;
			buildSettings = {
				ALWAYS_SEARCH_USER_PATHS = NO;
				CLANG_ANALYZER_NONNULL = YES;
				CLANG_ANALYZER_NUMBER_OBJECT_CONVERSION = YES_AGGRESSIVE;
				CLANG_CXX_LANGUAGE_STANDARD = "gnu++14";
				CLANG_CXX_LIBRARY = "libc++";
				CLANG_ENABLE_MODULES = YES;
				CLANG_ENABLE_OBJC_ARC = YES;
				CLANG_WARN_BLOCK_CAPTURE_AUTORELEASING = YES;
				CLANG_WARN_BOOL_CONVERSION = YES;
				CLANG_WARN_COMMA = YES;
				CLANG_WARN_CONSTANT_CONVERSION = YES;
				CLANG_WARN_DIRECT_OBJC_ISA_USAGE = YES_ERROR;
				CLANG_WARN_DOCUMENTATION_COMMENTS = YES;
				CLANG_WARN_EMPTY_BODY = YES;
				CLANG_WARN_ENUM_CONVERSION = YES;
				CLANG_WARN_INFINITE_RECURSION = YES;
				CLANG_WARN_INT_CONVERSION = YES;
				CLANG_WARN_NON_LITERAL_NULL_CONVERSION = YES;
				CLANG_WARN_OBJC_LITERAL_CONVERSION = YES;
				CLANG_WARN_OBJC_ROOT_CLASS = YES_ERROR;
				CLANG_WARN_RANGE_LOOP_ANALYSIS = YES;
				CLANG_WARN_STRICT_PROTOTYPES = YES;
				CLANG_WARN_SUSPICIOUS_MOVE = YES;
				CLANG_WARN_UNGUARDED_AVAILABILITY = YES_AGGRESSIVE;
				CLANG_WARN_UNREACHABLE_CODE = YES;
				CLANG_WARN__DUPLICATE_METHOD_MATCH = YES;
				CODE_SIGN_IDENTITY = "iPhone Developer";
				COPY_PHASE_STRIP = NO;
				DEBUG_INFORMATION_FORMAT = dwarf;
				ENABLE_STRICT_OBJC_MSGSEND = YES;
				ENABLE_TESTABILITY = YES;
				GCC_C_LANGUAGE_STANDARD = gnu11;
				GCC_DYNAMIC_NO_PIC = NO;
				GCC_NO_COMMON_BLOCKS = YES;
				GCC_OPTIMIZATION_LEVEL = 0;
				GCC_PREPROCESSOR_DEFINITIONS = (
					"DEBUG=1",
					"$(inherited)",
				);
				GCC_WARN_64_TO_32_BIT_CONVERSION = YES;
				GCC_WARN_ABOUT_RETURN_TYPE = YES_ERROR;
				GCC_WARN_UNDECLARED_SELECTOR = YES;
				GCC_WARN_UNINITIALIZED_AUTOS = YES_AGGRESSIVE;
				GCC_WARN_UNUSED_FUNCTION = YES;
				GCC_WARN_UNUSED_VARIABLE = YES;
				IPHONEOS_DEPLOYMENT_TARGET = 11.0;
				MTL_ENABLE_DEBUG_INFO = YES;
				ONLY_ACTIVE_ARCH = YES;
				SDKROOT = iphoneos;
				SWIFT_ACTIVE_COMPILATION_CONDITIONS = DEBUG;
				SWIFT_OPTIMIZATION_LEVEL = "-Onone";
			};
			name = Debug;
		};
		87C265E71FC68F72008AB612 /* Release */ = {
			isa = XCBuildConfiguration;
			buildSettings = {
				ALWAYS_SEARCH_USER_PATHS = NO;
				CLANG_ANALYZER_NONNULL = YES;
				CLANG_ANALYZER_NUMBER_OBJECT_CONVERSION = YES_AGGRESSIVE;
				CLANG_CXX_LANGUAGE_STANDARD = "gnu++14";
				CLANG_CXX_LIBRARY = "libc++";
				CLANG_ENABLE_MODULES = YES;
				CLANG_ENABLE_OBJC_ARC = YES;
				CLANG_WARN_BLOCK_CAPTURE_AUTORELEASING = YES;
				CLANG_WARN_BOOL_CONVERSION = YES;
				CLANG_WARN_COMMA = YES;
				CLANG_WARN_CONSTANT_CONVERSION = YES;
				CLANG_WARN_DIRECT_OBJC_ISA_USAGE = YES_ERROR;
				CLANG_WARN_DOCUMENTATION_COMMENTS = YES;
				CLANG_WARN_EMPTY_BODY = YES;
				CLANG_WARN_ENUM_CONVERSION = YES;
				CLANG_WARN_INFINITE_RECURSION = YES;
				CLANG_WARN_INT_CONVERSION = YES;
				CLANG_WARN_NON_LITERAL_NULL_CONVERSION = YES;
				CLANG_WARN_OBJC_LITERAL_CONVERSION = YES;
				CLANG_WARN_OBJC_ROOT_CLASS = YES_ERROR;
				CLANG_WARN_RANGE_LOOP_ANALYSIS = YES;
				CLANG_WARN_STRICT_PROTOTYPES = YES;
				CLANG_WARN_SUSPICIOUS_MOVE = YES;
				CLANG_WARN_UNGUARDED_AVAILABILITY = YES_AGGRESSIVE;
				CLANG_WARN_UNREACHABLE_CODE = YES;
				CLANG_WARN__DUPLICATE_METHOD_MATCH = YES;
				CODE_SIGN_IDENTITY = "iPhone Developer";
				COPY_PHASE_STRIP = NO;
				DEBUG_INFORMATION_FORMAT = "dwarf-with-dsym";
				ENABLE_NS_ASSERTIONS = NO;
				ENABLE_STRICT_OBJC_MSGSEND = YES;
				GCC_C_LANGUAGE_STANDARD = gnu11;
				GCC_NO_COMMON_BLOCKS = YES;
				GCC_WARN_64_TO_32_BIT_CONVERSION = YES;
				GCC_WARN_ABOUT_RETURN_TYPE = YES_ERROR;
				GCC_WARN_UNDECLARED_SELECTOR = YES;
				GCC_WARN_UNINITIALIZED_AUTOS = YES_AGGRESSIVE;
				GCC_WARN_UNUSED_FUNCTION = YES;
				GCC_WARN_UNUSED_VARIABLE = YES;
				IPHONEOS_DEPLOYMENT_TARGET = 11.0;
				MTL_ENABLE_DEBUG_INFO = NO;
				SDKROOT = iphoneos;
				SWIFT_OPTIMIZATION_LEVEL = "-Owholemodule";
				VALIDATE_PRODUCT = YES;
			};
			name = Release;
		};
		87C265E91FC68F72008AB612 /* Debug */ = {
			isa = XCBuildConfiguration;
			buildSettings = {
				ASSETCATALOG_COMPILER_APPICON_NAME = AppIcon;
				CODE_SIGN_STYLE = Automatic;
				DEVELOPMENT_TEAM = DTTYHBEAZE;
				INFOPLIST_FILE = OneImageViewer/Info.plist;
				IPHONEOS_DEPLOYMENT_TARGET = 10.2;
				LD_RUNPATH_SEARCH_PATHS = "$(inherited) @executable_path/Frameworks";
				PRODUCT_BUNDLE_IDENTIFIER = xleeif00.OneImageViewer;
				PRODUCT_NAME = "$(TARGET_NAME)";
				SWIFT_VERSION = 4.0;
				TARGETED_DEVICE_FAMILY = "1,2";
			};
			name = Debug;
		};
		87C265EA1FC68F72008AB612 /* Release */ = {
			isa = XCBuildConfiguration;
			buildSettings = {
				ASSETCATALOG_COMPILER_APPICON_NAME = AppIcon;
				CODE_SIGN_STYLE = Automatic;
				DEVELOPMENT_TEAM = DTTYHBEAZE;
				INFOPLIST_FILE = OneImageViewer/Info.plist;
				IPHONEOS_DEPLOYMENT_TARGET = 10.2;
				LD_RUNPATH_SEARCH_PATHS = "$(inherited) @executable_path/Frameworks";
				PRODUCT_BUNDLE_IDENTIFIER = xleeif00.OneImageViewer;
				PRODUCT_NAME = "$(TARGET_NAME)";
				SWIFT_VERSION = 4.0;
				TARGETED_DEVICE_FAMILY = "1,2";
			};
			name = Release;
		};
/* End XCBuildConfiguration section */

/* Begin XCConfigurationList section */
		87C265D11FC68F72008AB612 /* Build configuration list for PBXProject "OneImageViewer" */ = {
			isa = XCConfigurationList;
			buildConfigurations = (
				87C265E61FC68F72008AB612 /* Debug */,
				87C265E71FC68F72008AB612 /* Release */,
			);
			defaultConfigurationIsVisible = 0;
			defaultConfigurationName = Release;
		};
		87C265E81FC68F72008AB612 /* Build configuration list for PBXNativeTarget "OneImageViewer" */ = {
			isa = XCConfigurationList;
			buildConfigurations = (
				87C265E91FC68F72008AB612 /* Debug */,
				87C265EA1FC68F72008AB612 /* Release */,
			);
			defaultConfigurationIsVisible = 0;
			defaultConfigurationName = Release;
		};
/* End XCConfigurationList section */
	};
	rootObject = 87C265CE1FC68F72008AB612 /* Project object */;
}
